PODS:
  - Alamofire (5.0.2)
  - BmoViewPager (4.2.2)
  - IQKeyboardManager (6.5.5)
  - Moya (14.0.0):
    - Moya/Core (= 14.0.0)
  - Moya/Core (14.0.0):
    - Alamofire (~> 5.0)
  - SDWebImage (5.6.0):
    - SDWebImage/Core (= 5.6.0)
  - SDWebImage/Core (5.6.0)

DEPENDENCIES:
  - BmoViewPager (~> 4.2.2)
  - IQKeyboardManager
  - Moya
  - SDWebImage (~> 5.0)

SPEC REPOS:
  trunk:
    - Alamofire
    - BmoViewPager
    - IQKeyboardManager
    - Moya
    - SDWebImage

SPEC CHECKSUMS:
  Alamofire: 3ba7a4db18b4f62c4a1c0e1cb39d7f3d52e10ada
  BmoViewPager: f77aa760d28e908af3dcab76d5cb04a1379e505b
  IQKeyboardManager: 3a8b9e603f8b0eeaf5f096a1f2b2cfcf121992ef
  Moya: 5b45dacb75adb009f97fde91c204c1e565d31916
  SDWebImage: 21b19f56b4226cdfe3aefe4e6848dc43ed129a86

PODFILE CHECKSUM: 569791bba18927530e607761e24b84855b47a273

COCOAPODS: 1.8.4
